
Microsoft Visual Studio Solution File, Format Version 12.00
# Visual Studio 15
VisualStudioVersion = 15.0.28307.757
MinimumVisualStudioVersion = 10.0.40219.1
Project("{9A19103F-16F7-4668-BE54-9A1E7A4F7556}") = "AmazonPayV2", "AmazonPayV2\AmazonPayV2.csproj", "{EF359F91-50C0-4351-8657-0FCD38982F54}"
EndProject
Project("{9A19103F-16F7-4668-BE54-9A1E7A4F7556}") = "Test.Core", "Test.Core\Test.Core.csproj", "{CF7642F3-BADB-499F-86F7-A07450F94D7A}"
EndProject
Project("{9A19103F-16F7-4668-BE54-9A1E7A4F7556}") = "Test.Framework", "Test.Framework\Test.Framework.csproj", "{905570BC-BF33-4FF0-8195-8E551FDDE48D}"
EndProject
Global
	GlobalSection(SolutionConfigurationPlatforms) = preSolution
		Debug|Any CPU = Debug|Any CPU
		Release|Any CPU = Release|Any CPU
	EndGlobalSection
	GlobalSection(ProjectConfigurationPlatforms) = postSolution
		{EF359F91-50C0-4351-8657-0FCD38982F54}.Debug|Any CPU.ActiveCfg = Release|Any CPU
		{EF359F91-50C0-4351-8657-0FCD38982F54}.Debug|Any CPU.Build.0 = Release|Any CPU
		{EF359F91-50C0-4351-8657-0FCD38982F54}.Release|Any CPU.ActiveCfg = Release|Any CPU
		{EF359F91-50C0-4351-8657-0FCD38982F54}.Release|Any CPU.Build.0 = Release|Any CPU
		{CF7642F3-BADB-499F-86F7-A07450F94D7A}.Debug|Any CPU.ActiveCfg = Debug|Any CPU
		{CF7642F3-BADB-499F-86F7-A07450F94D7A}.Debug|Any CPU.Build.0 = Debug|Any CPU
		{CF7642F3-BADB-499F-86F7-A07450F94D7A}.Release|Any CPU.ActiveCfg = Release|Any CPU
		{CF7642F3-BADB-499F-86F7-A07450F94D7A}.Release|Any CPU.Build.0 = Release|Any CPU
		{905570BC-BF33-4FF0-8195-8E551FDDE48D}.Debug|Any CPU.ActiveCfg = Debug|Any CPU
		{905570BC-BF33-4FF0-8195-8E551FDDE48D}.Debug|Any CPU.Build.0 = Debug|Any CPU
		{905570BC-BF33-4FF0-8195-8E551FDDE48D}.Release|Any CPU.ActiveCfg = Release|Any CPU
		{905570BC-BF33-4FF0-8195-8E551FDDE48D}.Release|Any CPU.Build.0 = Release|Any CPU
	EndGlobalSection
	GlobalSection(SolutionProperties) = preSolution
		HideSolutionNode = FALSE
	EndGlobalSection
	GlobalSection(ExtensibilityGlobals) = postSolution
		SolutionGuid = {478B202C-C34A-48DD-9E3A-EB185314C65C}
	EndGlobalSection
EndGlobal
